
Microsoft Visual Studio Solution File, Format Version 12.00
# Visual Studio Version 17
VisualStudioVersion = 17.0.31903.59
MinimumVisualStudioVersion = 10.0.40219.1
Project("{FAE04EC0-301F-11D3-BF4B-00C04F79EFBC}") = "TemperatureConversion", "TemperatureConversion\TemperatureConversion.csproj", "{9E5F8C90-13CD-42A2-ACF3-F2C7BC0CA612}"
EndProject
Project("{FAE04EC0-301F-11D3-BF4B-00C04F79EFBC}") = "AsciiValue", "AsciiValue\AsciiValue.csproj", "{FC161AE9-C1BF-4DDD-A2EB-92D4B8E523FF}"
EndProject
Project("{FAE04EC0-301F-11D3-BF4B-00C04F79EFBC}") = "RectangleArea", "RectangleArea\RectangleArea.csproj", "{7C119A0B-6461-4E56-A3B6-A29EAE43D6CD}"
EndProject
Project("{FAE04EC0-301F-11D3-BF4B-00C04F79EFBC}") = "Misc", "Misc\Misc.csproj", "{2FAC3A2E-0430-48BE-9A23-D0DBE08ABC17}"
EndProject
Project("{FAE04EC0-301F-11D3-BF4B-00C04F79EFBC}") = "DesignPatterns", "DesignPatterns\DesignPatterns.csproj", "{D9174BD8-5FAF-4D7C-8C7C-14E585290569}"
EndProject
Project("{FAE04EC0-301F-11D3-BF4B-00C04F79EFBC}") = "Methods", "Methods\Methods.csproj", "{826E3C45-592D-4491-AC3A-FF892916DF75}"
EndProject
Project("{FAE04EC0-301F-11D3-BF4B-00C04F79EFBC}") = "OOP", "OOP\OOP.csproj", "{5394B7DE-3BA2-4515-B84E-E0E369D27930}"
EndProject
Global
	GlobalSection(SolutionConfigurationPlatforms) = preSolution
		Debug|Any CPU = Debug|Any CPU
		Release|Any CPU = Release|Any CPU
	EndGlobalSection
	GlobalSection(SolutionProperties) = preSolution
		HideSolutionNode = FALSE
	EndGlobalSection
	GlobalSection(ProjectConfigurationPlatforms) = postSolution
		{9E5F8C90-13CD-42A2-ACF3-F2C7BC0CA612}.Debug|Any CPU.ActiveCfg = Debug|Any CPU
		{9E5F8C90-13CD-42A2-ACF3-F2C7BC0CA612}.Debug|Any CPU.Build.0 = Debug|Any CPU
		{9E5F8C90-13CD-42A2-ACF3-F2C7BC0CA612}.Release|Any CPU.ActiveCfg = Release|Any CPU
		{9E5F8C90-13CD-42A2-ACF3-F2C7BC0CA612}.Release|Any CPU.Build.0 = Release|Any CPU
		{FC161AE9-C1BF-4DDD-A2EB-92D4B8E523FF}.Debug|Any CPU.ActiveCfg = Debug|Any CPU
		{FC161AE9-C1BF-4DDD-A2EB-92D4B8E523FF}.Debug|Any CPU.Build.0 = Debug|Any CPU
		{FC161AE9-C1BF-4DDD-A2EB-92D4B8E523FF}.Release|Any CPU.ActiveCfg = Release|Any CPU
		{FC161AE9-C1BF-4DDD-A2EB-92D4B8E523FF}.Release|Any CPU.Build.0 = Release|Any CPU
		{7C119A0B-6461-4E56-A3B6-A29EAE43D6CD}.Debug|Any CPU.ActiveCfg = Debug|Any CPU
		{7C119A0B-6461-4E56-A3B6-A29EAE43D6CD}.Debug|Any CPU.Build.0 = Debug|Any CPU
		{7C119A0B-6461-4E56-A3B6-A29EAE43D6CD}.Release|Any CPU.ActiveCfg = Release|Any CPU
		{7C119A0B-6461-4E56-A3B6-A29EAE43D6CD}.Release|Any CPU.Build.0 = Release|Any CPU
		{2FAC3A2E-0430-48BE-9A23-D0DBE08ABC17}.Debug|Any CPU.ActiveCfg = Debug|Any CPU
		{2FAC3A2E-0430-48BE-9A23-D0DBE08ABC17}.Debug|Any CPU.Build.0 = Debug|Any CPU
		{2FAC3A2E-0430-48BE-9A23-D0DBE08ABC17}.Release|Any CPU.ActiveCfg = Release|Any CPU
		{2FAC3A2E-0430-48BE-9A23-D0DBE08ABC17}.Release|Any CPU.Build.0 = Release|Any CPU
		{D9174BD8-5FAF-4D7C-8C7C-14E585290569}.Debug|Any CPU.ActiveCfg = Debug|Any CPU
		{D9174BD8-5FAF-4D7C-8C7C-14E585290569}.Debug|Any CPU.Build.0 = Debug|Any CPU
		{D9174BD8-5FAF-4D7C-8C7C-14E585290569}.Release|Any CPU.ActiveCfg = Release|Any CPU
		{D9174BD8-5FAF-4D7C-8C7C-14E585290569}.Release|Any CPU.Build.0 = Release|Any CPU
		{826E3C45-592D-4491-AC3A-FF892916DF75}.Debug|Any CPU.ActiveCfg = Debug|Any CPU
		{826E3C45-592D-4491-AC3A-FF892916DF75}.Debug|Any CPU.Build.0 = Debug|Any CPU
		{826E3C45-592D-4491-AC3A-FF892916DF75}.Release|Any CPU.ActiveCfg = Release|Any CPU
		{826E3C45-592D-4491-AC3A-FF892916DF75}.Release|Any CPU.Build.0 = Release|Any CPU
		{5394B7DE-3BA2-4515-B84E-E0E369D27930}.Debug|Any CPU.ActiveCfg = Debug|Any CPU
		{5394B7DE-3BA2-4515-B84E-E0E369D27930}.Debug|Any CPU.Build.0 = Debug|Any CPU
		{5394B7DE-3BA2-4515-B84E-E0E369D27930}.Release|Any CPU.ActiveCfg = Release|Any CPU
		{5394B7DE-3BA2-4515-B84E-E0E369D27930}.Release|Any CPU.Build.0 = Release|Any CPU
	EndGlobalSection
EndGlobal
